
Microsoft Visual Studio Solution File, Format Version 12.00
# Visual Studio Version 16
VisualStudioVersion = 16.0.31129.286
MinimumVisualStudioVersion = 10.0.40219.1
Project("{FAE04EC0-301F-11D3-BF4B-00C04F79EFBC}") = "Ringen.Schnittstellen.Contracts", "Ringen.Schnittstellen.Contracts\Ringen.Schnittstellen.Contracts.csproj", "{17D6DADE-EBE8-4B4A-9EDA-014395CF42A5}"
EndProject
Project("{FAE04EC0-301F-11D3-BF4B-00C04F79EFBC}") = "Ringen.Schnittstelle.RDB", "Ringen.Schnittstelle.RDB\Ringen.Schnittstelle.RDB.csproj", "{F0356F4F-572C-4E16-8C75-B3972B1F89B8}"
EndProject
Project("{FAE04EC0-301F-11D3-BF4B-00C04F79EFBC}") = "Ringen.Schnittstelle.Caching", "Ringen.Schnittstelle.Caching\Ringen.Schnittstelle.Caching.csproj", "{A2C1462F-F832-4F71-9909-D4A8BEF51986}"
EndProject
Project("{FAE04EC0-301F-11D3-BF4B-00C04F79EFBC}") = "Ringen.Shared", "Ringen.Shared\Ringen.Shared.csproj", "{F4BDD0B5-8268-4E68-BE6A-EAD3485AD2B1}"
EndProject
Project("{FAE04EC0-301F-11D3-BF4B-00C04F79EFBC}") = "Http.Library", "Http.Library\Http.Library.csproj", "{32F34F12-4604-4D65-BAC9-C9E97D17F9CC}"
EndProject
Global
	GlobalSection(SolutionConfigurationPlatforms) = preSolution
		Debug|Any CPU = Debug|Any CPU
		Release|Any CPU = Release|Any CPU
	EndGlobalSection
	GlobalSection(ProjectConfigurationPlatforms) = postSolution
		{17D6DADE-EBE8-4B4A-9EDA-014395CF42A5}.Debug|Any CPU.ActiveCfg = Debug|Any CPU
		{17D6DADE-EBE8-4B4A-9EDA-014395CF42A5}.Debug|Any CPU.Build.0 = Debug|Any CPU
		{17D6DADE-EBE8-4B4A-9EDA-014395CF42A5}.Release|Any CPU.ActiveCfg = Release|Any CPU
		{17D6DADE-EBE8-4B4A-9EDA-014395CF42A5}.Release|Any CPU.Build.0 = Release|Any CPU
		{F0356F4F-572C-4E16-8C75-B3972B1F89B8}.Debug|Any CPU.ActiveCfg = Debug|Any CPU
		{F0356F4F-572C-4E16-8C75-B3972B1F89B8}.Debug|Any CPU.Build.0 = Debug|Any CPU
		{F0356F4F-572C-4E16-8C75-B3972B1F89B8}.Release|Any CPU.ActiveCfg = Release|Any CPU
		{F0356F4F-572C-4E16-8C75-B3972B1F89B8}.Release|Any CPU.Build.0 = Release|Any CPU
		{A2C1462F-F832-4F71-9909-D4A8BEF51986}.Debug|Any CPU.ActiveCfg = Debug|Any CPU
		{A2C1462F-F832-4F71-9909-D4A8BEF51986}.Debug|Any CPU.Build.0 = Debug|Any CPU
		{A2C1462F-F832-4F71-9909-D4A8BEF51986}.Release|Any CPU.ActiveCfg = Release|Any CPU
		{A2C1462F-F832-4F71-9909-D4A8BEF51986}.Release|Any CPU.Build.0 = Release|Any CPU
		{F4BDD0B5-8268-4E68-BE6A-EAD3485AD2B1}.Debug|Any CPU.ActiveCfg = Debug|Any CPU
		{F4BDD0B5-8268-4E68-BE6A-EAD3485AD2B1}.Debug|Any CPU.Build.0 = Debug|Any CPU
		{F4BDD0B5-8268-4E68-BE6A-EAD3485AD2B1}.Release|Any CPU.ActiveCfg = Release|Any CPU
		{F4BDD0B5-8268-4E68-BE6A-EAD3485AD2B1}.Release|Any CPU.Build.0 = Release|Any CPU
		{32F34F12-4604-4D65-BAC9-C9E97D17F9CC}.Debug|Any CPU.ActiveCfg = Debug|Any CPU
		{32F34F12-4604-4D65-BAC9-C9E97D17F9CC}.Debug|Any CPU.Build.0 = Debug|Any CPU
		{32F34F12-4604-4D65-BAC9-C9E97D17F9CC}.Release|Any CPU.ActiveCfg = Release|Any CPU
		{32F34F12-4604-4D65-BAC9-C9E97D17F9CC}.Release|Any CPU.Build.0 = Release|Any CPU
	EndGlobalSection
	GlobalSection(SolutionProperties) = preSolution
		HideSolutionNode = FALSE
	EndGlobalSection
	GlobalSection(ExtensibilityGlobals) = postSolution
		SolutionGuid = {A4366996-163B-4704-A694-18895FB86ACB}
	EndGlobalSection
EndGlobal
